// !$*UTF8*$!
{
	archiveVersion = 1;
	classes = {
	};
	objectVersion = 46;
	objects = {

/* Begin PBXBuildFile section */
		06AEA817F22E9F53DA952960 /* Pods_SwiftWall.framework in Frameworks */ = {isa = PBXBuildFile; fileRef = B9008FFD7803B60844FEC66E /* Pods_SwiftWall.framework */; };
		0A1EDB795D9F93688C44D64A /* Pods.framework in Frameworks */ = {isa = PBXBuildFile; fileRef = 59848FE712E1107EE88059A4 /* Pods.framework */; };
		3B5ED08F1C11E8B200777104 /* BaseModel.swift in Sources */ = {isa = PBXBuildFile; fileRef = 3B5ED08E1C11E8B200777104 /* BaseModel.swift */; };
		3B5ED0911C11E8C400777104 /* Basket.swift in Sources */ = {isa = PBXBuildFile; fileRef = 3B5ED0901C11E8C400777104 /* Basket.swift */; };
		3B5ED0931C11E8D600777104 /* Category.swift in Sources */ = {isa = PBXBuildFile; fileRef = 3B5ED0921C11E8D600777104 /* Category.swift */; };
		3B5ED0951C11E8E600777104 /* Message.swift in Sources */ = {isa = PBXBuildFile; fileRef = 3B5ED0941C11E8E600777104 /* Message.swift */; };
		3B5ED0971C11E94400777104 /* Notice.swift in Sources */ = {isa = PBXBuildFile; fileRef = 3B5ED0961C11E94400777104 /* Notice.swift */; };
		3B5ED0991C11E95200777104 /* Post.swift in Sources */ = {isa = PBXBuildFile; fileRef = 3B5ED0981C11E95200777104 /* Post.swift */; };
		3B5ED09B1C11E96000777104 /* PrepareData.swift in Sources */ = {isa = PBXBuildFile; fileRef = 3B5ED09A1C11E96000777104 /* PrepareData.swift */; };
		3B5ED09D1C11E96D00777104 /* Question.swift in Sources */ = {isa = PBXBuildFile; fileRef = 3B5ED09C1C11E96D00777104 /* Question.swift */; };
		3B5ED09F1C11E97B00777104 /* Answer.swift in Sources */ = {isa = PBXBuildFile; fileRef = 3B5ED09E1C11E97B00777104 /* Answer.swift */; };
		3B5ED0A11C11E98700777104 /* Reminder.swift in Sources */ = {isa = PBXBuildFile; fileRef = 3B5ED0A01C11E98700777104 /* Reminder.swift */; };
		3B5ED0A31C11E9A400777104 /* ReminderNoticeNum.swift in Sources */ = {isa = PBXBuildFile; fileRef = 3B5ED0A21C11E9A400777104 /* ReminderNoticeNum.swift */; };
		3B5ED0A71C11E9C300777104 /* Comment.swift in Sources */ = {isa = PBXBuildFile; fileRef = 3B5ED0A61C11E9C300777104 /* Comment.swift */; };
		3B5ED0A91C11E9CC00777104 /* UserInfo.swift in Sources */ = {isa = PBXBuildFile; fileRef = 3B5ED0A81C11E9CC00777104 /* UserInfo.swift */; };
		3B5ED0AB1C11EB2D00777104 /* BaseModelParser.swift in Sources */ = {isa = PBXBuildFile; fileRef = 3B5ED0AA1C11EB2D00777104 /* BaseModelParser.swift */; };
		3B5ED0AF1C11F46100777104 /* ArticleAPI.swift in Sources */ = {isa = PBXBuildFile; fileRef = 3B5ED0AE1C11F46100777104 /* ArticleAPI.swift */; };
		3B5ED0B11C11F47700777104 /* QuestionAPI.swift in Sources */ = {isa = PBXBuildFile; fileRef = 3B5ED0B01C11F47700777104 /* QuestionAPI.swift */; };
		3B5ED0B31C11F48400777104 /* PostAPI.swift in Sources */ = {isa = PBXBuildFile; fileRef = 3B5ED0B21C11F48400777104 /* PostAPI.swift */; };
		3B5ED0B61C11F5AB00777104 /* BaseView.swift in Sources */ = {isa = PBXBuildFile; fileRef = 3B5ED0B51C11F5AB00777104 /* BaseView.swift */; };
		3B5ED0B81C11F5CD00777104 /* AnswerItemView.swift in Sources */ = {isa = PBXBuildFile; fileRef = 3B5ED0B71C11F5CD00777104 /* AnswerItemView.swift */; };
		3B5ED0BA1C11F5DB00777104 /* ArticleItemView.swift in Sources */ = {isa = PBXBuildFile; fileRef = 3B5ED0B91C11F5DB00777104 /* ArticleItemView.swift */; };
		3B5ED0BC1C11F5E800777104 /* ArticleView.swift in Sources */ = {isa = PBXBuildFile; fileRef = 3B5ED0BB1C11F5E800777104 /* ArticleView.swift */; };
		3B5ED0BE1C11F5FC00777104 /* FavorItemView.swift in Sources */ = {isa = PBXBuildFile; fileRef = 3B5ED0BD1C11F5FC00777104 /* FavorItemView.swift */; };
		3B5ED0C01C11F60A00777104 /* FavorView.swift in Sources */ = {isa = PBXBuildFile; fileRef = 3B5ED0BF1C11F60A00777104 /* FavorView.swift */; };
		3B5ED0C21C11F65400777104 /* CommentItemView.swift in Sources */ = {isa = PBXBuildFile; fileRef = 3B5ED0C11C11F65400777104 /* CommentItemView.swift */; };
		3B5ED0C41C11F65D00777104 /* NoticeItemView.swift in Sources */ = {isa = PBXBuildFile; fileRef = 3B5ED0C31C11F65D00777104 /* NoticeItemView.swift */; };
		3B5ED0C61C11F66D00777104 /* PostItemView.swift in Sources */ = {isa = PBXBuildFile; fileRef = 3B5ED0C51C11F66D00777104 /* PostItemView.swift */; };
		3B5ED0C81C11F67500777104 /* PostView.swift in Sources */ = {isa = PBXBuildFile; fileRef = 3B5ED0C71C11F67500777104 /* PostView.swift */; };
		3B5ED0CA1C11F69000777104 /* QuestionItemView.swift in Sources */ = {isa = PBXBuildFile; fileRef = 3B5ED0C91C11F69000777104 /* QuestionItemView.swift */; };
		3B5ED0CC1C11F69F00777104 /* QuestionView.swift in Sources */ = {isa = PBXBuildFile; fileRef = 3B5ED0CB1C11F69F00777104 /* QuestionView.swift */; };
		3B5ED0CE1C11F6AE00777104 /* SimpleCommentItemView.swift in Sources */ = {isa = PBXBuildFile; fileRef = 3B5ED0CD1C11F6AE00777104 /* SimpleCommentItemView.swift */; };
		3B5ED0D11C11F7DD00777104 /* ViewController.swift in Sources */ = {isa = PBXBuildFile; fileRef = 3B5ED0D01C11F7DD00777104 /* ViewController.swift */; };
		3B78B5621C132A70009935C9 /* MainController.swift in Sources */ = {isa = PBXBuildFile; fileRef = 3B78B5611C132A70009935C9 /* MainController.swift */; };
		3B78B5641C132AD5009935C9 /* ArticleSetController.swift in Sources */ = {isa = PBXBuildFile; fileRef = 3B78B5631C132AD5009935C9 /* ArticleSetController.swift */; };
		3B78B5661C132AFA009935C9 /* PostSetController.swift in Sources */ = {isa = PBXBuildFile; fileRef = 3B78B5651C132AFA009935C9 /* PostSetController.swift */; };
		3B78B5681C132B13009935C9 /* QuestionSetController.swift in Sources */ = {isa = PBXBuildFile; fileRef = 3B78B5671C132B13009935C9 /* QuestionSetController.swift */; };
		3B78B56A1C132B33009935C9 /* UserInfoController.swift in Sources */ = {isa = PBXBuildFile; fileRef = 3B78B5691C132B33009935C9 /* UserInfoController.swift */; };
		3B78B56C1C132E22009935C9 /* NavigationController.swift in Sources */ = {isa = PBXBuildFile; fileRef = 3B78B56B1C132E22009935C9 /* NavigationController.swift */; };
		3B78B56E1C132F30009935C9 /* ArticleListView.swift in Sources */ = {isa = PBXBuildFile; fileRef = 3B78B56D1C132F30009935C9 /* ArticleListView.swift */; };
		3B78B5701C132F4F009935C9 /* PostListView.swift in Sources */ = {isa = PBXBuildFile; fileRef = 3B78B56F1C132F4F009935C9 /* PostListView.swift */; };
		3B78B5721C132F5F009935C9 /* QuestionListView.swift in Sources */ = {isa = PBXBuildFile; fileRef = 3B78B5711C132F5F009935C9 /* QuestionListView.swift */; };
		3B78B5741C132FA8009935C9 /* ArticleController.swift in Sources */ = {isa = PBXBuildFile; fileRef = 3B78B5731C132FA8009935C9 /* ArticleController.swift */; };
		3B78B5761C132FC8009935C9 /* PostController.swift in Sources */ = {isa = PBXBuildFile; fileRef = 3B78B5751C132FC8009935C9 /* PostController.swift */; };
		3B78B5781C132FEB009935C9 /* QuestionController.swift in Sources */ = {isa = PBXBuildFile; fileRef = 3B78B5771C132FEA009935C9 /* QuestionController.swift */; };
		3B78B57A1C133003009935C9 /* AnswerController.swift in Sources */ = {isa = PBXBuildFile; fileRef = 3B78B5791C133003009935C9 /* AnswerController.swift */; };
		3B78B57C1C133065009935C9 /* ReplyController.swift in Sources */ = {isa = PBXBuildFile; fileRef = 3B78B57B1C133065009935C9 /* ReplyController.swift */; };
		3B78B57E1C1330C0009935C9 /* PostReplyController.swift in Sources */ = {isa = PBXBuildFile; fileRef = 3B78B57D1C1330C0009935C9 /* PostReplyController.swift */; };
		79FBBB601C0712E4009FA8E9 /* AppDelegate.swift in Sources */ = {isa = PBXBuildFile; fileRef = 79FBBB5F1C0712E4009FA8E9 /* AppDelegate.swift */; };
		79FBBB691C0712E4009FA8E9 /* Assets.xcassets in Resources */ = {isa = PBXBuildFile; fileRef = 79FBBB681C0712E4009FA8E9 /* Assets.xcassets */; };
		79FBBB6C1C0712E4009FA8E9 /* LaunchScreen.storyboard in Resources */ = {isa = PBXBuildFile; fileRef = 79FBBB6A1C0712E4009FA8E9 /* LaunchScreen.storyboard */; };
		79FBBB771C0712E4009FA8E9 /* SwiftWallTests.swift in Sources */ = {isa = PBXBuildFile; fileRef = 79FBBB761C0712E4009FA8E9 /* SwiftWallTests.swift */; };
		79FBBB821C0712E4009FA8E9 /* SwiftWallUITests.swift in Sources */ = {isa = PBXBuildFile; fileRef = 79FBBB811C0712E4009FA8E9 /* SwiftWallUITests.swift */; };
		B237DB281C105A6700728A58 /* Article.swift in Sources */ = {isa = PBXBuildFile; fileRef = B237DB271C105A6700728A58 /* Article.swift */; };
		B237DB821C118C6700728A58 /* BaseAPI.swift in Sources */ = {isa = PBXBuildFile; fileRef = B237DB721C118C6700728A58 /* BaseAPI.swift */; };
		B237DB831C118C6700728A58 /* UserAPI.swift in Sources */ = {isa = PBXBuildFile; fileRef = B237DB731C118C6700728A58 /* UserAPI.swift */; };
		B237DB851C118C6700728A58 /* BooleanParser.swift in Sources */ = {isa = PBXBuildFile; fileRef = B237DB761C118C6700728A58 /* BooleanParser.swift */; };
		B237DB861C118C6700728A58 /* ContentBooleanParser.swift in Sources */ = {isa = PBXBuildFile; fileRef = B237DB771C118C6700728A58 /* ContentBooleanParser.swift */; };
		B237DB871C118C6700728A58 /* ContentNumberParser.swift in Sources */ = {isa = PBXBuildFile; fileRef = B237DB781C118C6700728A58 /* ContentNumberParser.swift */; };
		B237DB881C118C6700728A58 /* ContentStringParser.swift in Sources */ = {isa = PBXBuildFile; fileRef = B237DB791C118C6700728A58 /* ContentStringParser.swift */; };
		B237DB891C118C6700728A58 /* DirectlyStringParser.swift in Sources */ = {isa = PBXBuildFile; fileRef = B237DB7A1C118C6700728A58 /* DirectlyStringParser.swift */; };
		B237DB8A1C118C6700728A58 /* Parser.swift in Sources */ = {isa = PBXBuildFile; fileRef = B237DB7B1C118C6700728A58 /* Parser.swift */; };
		B237DB8B1C118C6700728A58 /* RequestBuilder.swift in Sources */ = {isa = PBXBuildFile; fileRef = B237DB7C1C118C6700728A58 /* RequestBuilder.swift */; };
		B237DB8C1C118C6700728A58 /* RequestObject.swift in Sources */ = {isa = PBXBuildFile; fileRef = B237DB7D1C118C6700728A58 /* RequestObject.swift */; };
		B237DB8D1C118C6700728A58 /* ResponseCode.swift in Sources */ = {isa = PBXBuildFile; fileRef = B237DB7E1C118C6700728A58 /* ResponseCode.swift */; };
		B237DB8E1C118C6700728A58 /* ResponseError.swift in Sources */ = {isa = PBXBuildFile; fileRef = B237DB7F1C118C6700728A58 /* ResponseError.swift */; };
		B237DB8F1C118C6700728A58 /* ResponseObject.swift in Sources */ = {isa = PBXBuildFile; fileRef = B237DB801C118C6700728A58 /* ResponseObject.swift */; };
		B237DB901C118C6700728A58 /* Urls.swift in Sources */ = {isa = PBXBuildFile; fileRef = B237DB811C118C6700728A58 /* Urls.swift */; };
/* End PBXBuildFile section */

/* Begin PBXContainerItemProxy section */
		79FBBB731C0712E4009FA8E9 /* PBXContainerItemProxy */ = {
			isa = PBXContainerItemProxy;
			containerPortal = 79FBBB541C0712E4009FA8E9 /* Project object */;
			proxyType = 1;
			remoteGlobalIDString = 79FBBB5B1C0712E4009FA8E9;
			remoteInfo = SwiftWall;
		};
		79FBBB7E1C0712E4009FA8E9 /* PBXContainerItemProxy */ = {
			isa = PBXContainerItemProxy;
			containerPortal = 79FBBB541C0712E4009FA8E9 /* Project object */;
			proxyType = 1;
			remoteGlobalIDString = 79FBBB5B1C0712E4009FA8E9;
			remoteInfo = SwiftWall;
		};
/* End PBXContainerItemProxy section */

/* Begin PBXFileReference section */
		12FB0C52617A11FFE988014E /* Pods.release.xcconfig */ = {isa = PBXFileReference; includeInIndex = 1; lastKnownFileType = text.xcconfig; name = Pods.release.xcconfig; path = "Pods/Target Support Files/Pods/Pods.release.xcconfig"; sourceTree = "<group>"; };
		3B5ED08E1C11E8B200777104 /* BaseModel.swift */ = {isa = PBXFileReference; fileEncoding = 4; lastKnownFileType = sourcecode.swift; path = BaseModel.swift; sourceTree = "<group>"; };
		3B5ED0901C11E8C400777104 /* Basket.swift */ = {isa = PBXFileReference; fileEncoding = 4; lastKnownFileType = sourcecode.swift; path = Basket.swift; sourceTree = "<group>"; };
		3B5ED0921C11E8D600777104 /* Category.swift */ = {isa = PBXFileReference; fileEncoding = 4; lastKnownFileType = sourcecode.swift; path = Category.swift; sourceTree = "<group>"; };
		3B5ED0941C11E8E600777104 /* Message.swift */ = {isa = PBXFileReference; fileEncoding = 4; lastKnownFileType = sourcecode.swift; path = Message.swift; sourceTree = "<group>"; };
		3B5ED0961C11E94400777104 /* Notice.swift */ = {isa = PBXFileReference; fileEncoding = 4; lastKnownFileType = sourcecode.swift; path = Notice.swift; sourceTree = "<group>"; };
		3B5ED0981C11E95200777104 /* Post.swift */ = {isa = PBXFileReference; fileEncoding = 4; lastKnownFileType = sourcecode.swift; path = Post.swift; sourceTree = "<group>"; };
		3B5ED09A1C11E96000777104 /* PrepareData.swift */ = {isa = PBXFileReference; fileEncoding = 4; lastKnownFileType = sourcecode.swift; path = PrepareData.swift; sourceTree = "<group>"; };
		3B5ED09C1C11E96D00777104 /* Question.swift */ = {isa = PBXFileReference; fileEncoding = 4; lastKnownFileType = sourcecode.swift; path = Question.swift; sourceTree = "<group>"; };
		3B5ED09E1C11E97B00777104 /* Answer.swift */ = {isa = PBXFileReference; fileEncoding = 4; lastKnownFileType = sourcecode.swift; path = Answer.swift; sourceTree = "<group>"; };
		3B5ED0A01C11E98700777104 /* Reminder.swift */ = {isa = PBXFileReference; fileEncoding = 4; lastKnownFileType = sourcecode.swift; path = Reminder.swift; sourceTree = "<group>"; };
		3B5ED0A21C11E9A400777104 /* ReminderNoticeNum.swift */ = {isa = PBXFileReference; fileEncoding = 4; lastKnownFileType = sourcecode.swift; path = ReminderNoticeNum.swift; sourceTree = "<group>"; };
		3B5ED0A61C11E9C300777104 /* Comment.swift */ = {isa = PBXFileReference; fileEncoding = 4; lastKnownFileType = sourcecode.swift; path = Comment.swift; sourceTree = "<group>"; };
		3B5ED0A81C11E9CC00777104 /* UserInfo.swift */ = {isa = PBXFileReference; fileEncoding = 4; lastKnownFileType = sourcecode.swift; path = UserInfo.swift; sourceTree = "<group>"; };
		3B5ED0AA1C11EB2D00777104 /* BaseModelParser.swift */ = {isa = PBXFileReference; fileEncoding = 4; lastKnownFileType = sourcecode.swift; path = BaseModelParser.swift; sourceTree = "<group>"; };
		3B5ED0AE1C11F46100777104 /* ArticleAPI.swift */ = {isa = PBXFileReference; fileEncoding = 4; lastKnownFileType = sourcecode.swift; path = ArticleAPI.swift; sourceTree = "<group>"; };
		3B5ED0B01C11F47700777104 /* QuestionAPI.swift */ = {isa = PBXFileReference; fileEncoding = 4; lastKnownFileType = sourcecode.swift; path = QuestionAPI.swift; sourceTree = "<group>"; };
		3B5ED0B21C11F48400777104 /* PostAPI.swift */ = {isa = PBXFileReference; fileEncoding = 4; lastKnownFileType = sourcecode.swift; path = PostAPI.swift; sourceTree = "<group>"; };
		3B5ED0B51C11F5AB00777104 /* BaseView.swift */ = {isa = PBXFileReference; fileEncoding = 4; lastKnownFileType = sourcecode.swift; path = BaseView.swift; sourceTree = "<group>"; };
		3B5ED0B71C11F5CD00777104 /* AnswerItemView.swift */ = {isa = PBXFileReference; fileEncoding = 4; lastKnownFileType = sourcecode.swift; path = AnswerItemView.swift; sourceTree = "<group>"; };
		3B5ED0B91C11F5DB00777104 /* ArticleItemView.swift */ = {isa = PBXFileReference; fileEncoding = 4; lastKnownFileType = sourcecode.swift; path = ArticleItemView.swift; sourceTree = "<group>"; };
		3B5ED0BB1C11F5E800777104 /* ArticleView.swift */ = {isa = PBXFileReference; fileEncoding = 4; lastKnownFileType = sourcecode.swift; path = ArticleView.swift; sourceTree = "<group>"; };
		3B5ED0BD1C11F5FC00777104 /* FavorItemView.swift */ = {isa = PBXFileReference; fileEncoding = 4; lastKnownFileType = sourcecode.swift; path = FavorItemView.swift; sourceTree = "<group>"; };
		3B5ED0BF1C11F60A00777104 /* FavorView.swift */ = {isa = PBXFileReference; fileEncoding = 4; lastKnownFileType = sourcecode.swift; path = FavorView.swift; sourceTree = "<group>"; };
		3B5ED0C11C11F65400777104 /* CommentItemView.swift */ = {isa = PBXFileReference; fileEncoding = 4; lastKnownFileType = sourcecode.swift; path = CommentItemView.swift; sourceTree = "<group>"; };
		3B5ED0C31C11F65D00777104 /* NoticeItemView.swift */ = {isa = PBXFileReference; fileEncoding = 4; lastKnownFileType = sourcecode.swift; path = NoticeItemView.swift; sourceTree = "<group>"; };
		3B5ED0C51C11F66D00777104 /* PostItemView.swift */ = {isa = PBXFileReference; fileEncoding = 4; lastKnownFileType = sourcecode.swift; path = PostItemView.swift; sourceTree = "<group>"; };
		3B5ED0C71C11F67500777104 /* PostView.swift */ = {isa = PBXFileReference; fileEncoding = 4; lastKnownFileType = sourcecode.swift; path = PostView.swift; sourceTree = "<group>"; };
		3B5ED0C91C11F69000777104 /* QuestionItemView.swift */ = {isa = PBXFileReference; fileEncoding = 4; lastKnownFileType = sourcecode.swift; path = QuestionItemView.swift; sourceTree = "<group>"; };
		3B5ED0CB1C11F69F00777104 /* QuestionView.swift */ = {isa = PBXFileReference; fileEncoding = 4; lastKnownFileType = sourcecode.swift; path = QuestionView.swift; sourceTree = "<group>"; };
		3B5ED0CD1C11F6AE00777104 /* SimpleCommentItemView.swift */ = {isa = PBXFileReference; fileEncoding = 4; lastKnownFileType = sourcecode.swift; path = SimpleCommentItemView.swift; sourceTree = "<group>"; };
		3B5ED0D01C11F7DD00777104 /* ViewController.swift */ = {isa = PBXFileReference; fileEncoding = 4; lastKnownFileType = sourcecode.swift; path = ViewController.swift; sourceTree = "<group>"; };
		3B78B5611C132A70009935C9 /* MainController.swift */ = {isa = PBXFileReference; fileEncoding = 4; lastKnownFileType = sourcecode.swift; path = MainController.swift; sourceTree = "<group>"; };
		3B78B5631C132AD5009935C9 /* ArticleSetController.swift */ = {isa = PBXFileReference; fileEncoding = 4; lastKnownFileType = sourcecode.swift; path = ArticleSetController.swift; sourceTree = "<group>"; };
		3B78B5651C132AFA009935C9 /* PostSetController.swift */ = {isa = PBXFileReference; fileEncoding = 4; lastKnownFileType = sourcecode.swift; path = PostSetController.swift; sourceTree = "<group>"; };
		3B78B5671C132B13009935C9 /* QuestionSetController.swift */ = {isa = PBXFileReference; fileEncoding = 4; lastKnownFileType = sourcecode.swift; path = QuestionSetController.swift; sourceTree = "<group>"; };
		3B78B5691C132B33009935C9 /* UserInfoController.swift */ = {isa = PBXFileReference; fileEncoding = 4; lastKnownFileType = sourcecode.swift; path = UserInfoController.swift; sourceTree = "<group>"; };
		3B78B56B1C132E22009935C9 /* NavigationController.swift */ = {isa = PBXFileReference; fileEncoding = 4; lastKnownFileType = sourcecode.swift; path = NavigationController.swift; sourceTree = "<group>"; };
		3B78B56D1C132F30009935C9 /* ArticleListView.swift */ = {isa = PBXFileReference; fileEncoding = 4; lastKnownFileType = sourcecode.swift; path = ArticleListView.swift; sourceTree = "<group>"; };
		3B78B56F1C132F4F009935C9 /* PostListView.swift */ = {isa = PBXFileReference; fileEncoding = 4; lastKnownFileType = sourcecode.swift; path = PostListView.swift; sourceTree = "<group>"; };
		3B78B5711C132F5F009935C9 /* QuestionListView.swift */ = {isa = PBXFileReference; fileEncoding = 4; lastKnownFileType = sourcecode.swift; path = QuestionListView.swift; sourceTree = "<group>"; };
		3B78B5731C132FA8009935C9 /* ArticleController.swift */ = {isa = PBXFileReference; fileEncoding = 4; lastKnownFileType = sourcecode.swift; path = ArticleController.swift; sourceTree = "<group>"; };
		3B78B5751C132FC8009935C9 /* PostController.swift */ = {isa = PBXFileReference; fileEncoding = 4; lastKnownFileType = sourcecode.swift; path = PostController.swift; sourceTree = "<group>"; };
		3B78B5771C132FEA009935C9 /* QuestionController.swift */ = {isa = PBXFileReference; fileEncoding = 4; lastKnownFileType = sourcecode.swift; path = QuestionController.swift; sourceTree = "<group>"; };
		3B78B5791C133003009935C9 /* AnswerController.swift */ = {isa = PBXFileReference; fileEncoding = 4; lastKnownFileType = sourcecode.swift; path = AnswerController.swift; sourceTree = "<group>"; };
		3B78B57B1C133065009935C9 /* ReplyController.swift */ = {isa = PBXFileReference; fileEncoding = 4; lastKnownFileType = sourcecode.swift; path = ReplyController.swift; sourceTree = "<group>"; };
		3B78B57D1C1330C0009935C9 /* PostReplyController.swift */ = {isa = PBXFileReference; fileEncoding = 4; lastKnownFileType = sourcecode.swift; path = PostReplyController.swift; sourceTree = "<group>"; };
		46ED5F4B3379B50B91273BD8 /* Pods.debug.xcconfig */ = {isa = PBXFileReference; includeInIndex = 1; lastKnownFileType = text.xcconfig; name = Pods.debug.xcconfig; path = "Pods/Target Support Files/Pods/Pods.debug.xcconfig"; sourceTree = "<group>"; };
		59848FE712E1107EE88059A4 /* Pods.framework */ = {isa = PBXFileReference; explicitFileType = wrapper.framework; includeInIndex = 0; path = Pods.framework; sourceTree = BUILT_PRODUCTS_DIR; };
		79FBBB5C1C0712E4009FA8E9 /* SwiftWall.app */ = {isa = PBXFileReference; explicitFileType = wrapper.application; includeInIndex = 0; path = SwiftWall.app; sourceTree = BUILT_PRODUCTS_DIR; };
		79FBBB5F1C0712E4009FA8E9 /* AppDelegate.swift */ = {isa = PBXFileReference; lastKnownFileType = sourcecode.swift; path = AppDelegate.swift; sourceTree = "<group>"; };
		79FBBB681C0712E4009FA8E9 /* Assets.xcassets */ = {isa = PBXFileReference; lastKnownFileType = folder.assetcatalog; path = Assets.xcassets; sourceTree = "<group>"; };
		79FBBB6B1C0712E4009FA8E9 /* Base */ = {isa = PBXFileReference; lastKnownFileType = file.storyboard; name = Base; path = Base.lproj/LaunchScreen.storyboard; sourceTree = "<group>"; };
		79FBBB6D1C0712E4009FA8E9 /* Info.plist */ = {isa = PBXFileReference; lastKnownFileType = text.plist.xml; path = Info.plist; sourceTree = "<group>"; };
		79FBBB721C0712E4009FA8E9 /* SwiftWallTests.xctest */ = {isa = PBXFileReference; explicitFileType = wrapper.cfbundle; includeInIndex = 0; path = SwiftWallTests.xctest; sourceTree = BUILT_PRODUCTS_DIR; };
		79FBBB761C0712E4009FA8E9 /* SwiftWallTests.swift */ = {isa = PBXFileReference; lastKnownFileType = sourcecode.swift; path = SwiftWallTests.swift; sourceTree = "<group>"; };
		79FBBB781C0712E4009FA8E9 /* Info.plist */ = {isa = PBXFileReference; lastKnownFileType = text.plist.xml; path = Info.plist; sourceTree = "<group>"; };
		79FBBB7D1C0712E4009FA8E9 /* SwiftWallUITests.xctest */ = {isa = PBXFileReference; explicitFileType = wrapper.cfbundle; includeInIndex = 0; path = SwiftWallUITests.xctest; sourceTree = BUILT_PRODUCTS_DIR; };
		79FBBB811C0712E4009FA8E9 /* SwiftWallUITests.swift */ = {isa = PBXFileReference; lastKnownFileType = sourcecode.swift; path = SwiftWallUITests.swift; sourceTree = "<group>"; };
		79FBBB831C0712E4009FA8E9 /* Info.plist */ = {isa = PBXFileReference; lastKnownFileType = text.plist.xml; path = Info.plist; sourceTree = "<group>"; };
		B237DB271C105A6700728A58 /* Article.swift */ = {isa = PBXFileReference; fileEncoding = 4; lastKnownFileType = sourcecode.swift; path = Article.swift; sourceTree = "<group>"; };
		B237DB721C118C6700728A58 /* BaseAPI.swift */ = {isa = PBXFileReference; fileEncoding = 4; lastKnownFileType = sourcecode.swift; path = BaseAPI.swift; sourceTree = "<group>"; };
		B237DB731C118C6700728A58 /* UserAPI.swift */ = {isa = PBXFileReference; fileEncoding = 4; lastKnownFileType = sourcecode.swift; path = UserAPI.swift; sourceTree = "<group>"; };
		B237DB761C118C6700728A58 /* BooleanParser.swift */ = {isa = PBXFileReference; fileEncoding = 4; lastKnownFileType = sourcecode.swift; path = BooleanParser.swift; sourceTree = "<group>"; };
		B237DB771C118C6700728A58 /* ContentBooleanParser.swift */ = {isa = PBXFileReference; fileEncoding = 4; lastKnownFileType = sourcecode.swift; path = ContentBooleanParser.swift; sourceTree = "<group>"; };
		B237DB781C118C6700728A58 /* ContentNumberParser.swift */ = {isa = PBXFileReference; fileEncoding = 4; lastKnownFileType = sourcecode.swift; path = ContentNumberParser.swift; sourceTree = "<group>"; };
		B237DB791C118C6700728A58 /* ContentStringParser.swift */ = {isa = PBXFileReference; fileEncoding = 4; lastKnownFileType = sourcecode.swift; path = ContentStringParser.swift; sourceTree = "<group>"; };
		B237DB7A1C118C6700728A58 /* DirectlyStringParser.swift */ = {isa = PBXFileReference; fileEncoding = 4; lastKnownFileType = sourcecode.swift; path = DirectlyStringParser.swift; sourceTree = "<group>"; };
		B237DB7B1C118C6700728A58 /* Parser.swift */ = {isa = PBXFileReference; fileEncoding = 4; lastKnownFileType = sourcecode.swift; path = Parser.swift; sourceTree = "<group>"; };
		B237DB7C1C118C6700728A58 /* RequestBuilder.swift */ = {isa = PBXFileReference; fileEncoding = 4; lastKnownFileType = sourcecode.swift; path = RequestBuilder.swift; sourceTree = "<group>"; };
		B237DB7D1C118C6700728A58 /* RequestObject.swift */ = {isa = PBXFileReference; fileEncoding = 4; lastKnownFileType = sourcecode.swift; path = RequestObject.swift; sourceTree = "<group>"; };
		B237DB7E1C118C6700728A58 /* ResponseCode.swift */ = {isa = PBXFileReference; fileEncoding = 4; lastKnownFileType = sourcecode.swift; path = ResponseCode.swift; sourceTree = "<group>"; };
		B237DB7F1C118C6700728A58 /* ResponseError.swift */ = {isa = PBXFileReference; fileEncoding = 4; lastKnownFileType = sourcecode.swift; path = ResponseError.swift; sourceTree = "<group>"; };
		B237DB801C118C6700728A58 /* ResponseObject.swift */ = {isa = PBXFileReference; fileEncoding = 4; lastKnownFileType = sourcecode.swift; path = ResponseObject.swift; sourceTree = "<group>"; };
		B237DB811C118C6700728A58 /* Urls.swift */ = {isa = PBXFileReference; fileEncoding = 4; lastKnownFileType = sourcecode.swift; path = Urls.swift; sourceTree = "<group>"; };
		B9008FFD7803B60844FEC66E /* Pods_SwiftWall.framework */ = {isa = PBXFileReference; explicitFileType = wrapper.framework; includeInIndex = 0; path = Pods_SwiftWall.framework; sourceTree = BUILT_PRODUCTS_DIR; };
/* End PBXFileReference section */

/* Begin PBXFrameworksBuildPhase section */
		79FBBB591C0712E4009FA8E9 /* Frameworks */ = {
			isa = PBXFrameworksBuildPhase;
			buildActionMask = 2147483647;
			files = (
				0A1EDB795D9F93688C44D64A /* Pods.framework in Frameworks */,
				06AEA817F22E9F53DA952960 /* Pods_SwiftWall.framework in Frameworks */,
			);
			runOnlyForDeploymentPostprocessing = 0;
		};
		79FBBB6F1C0712E4009FA8E9 /* Frameworks */ = {
			isa = PBXFrameworksBuildPhase;
			buildActionMask = 2147483647;
			files = (
			);
			runOnlyForDeploymentPostprocessing = 0;
		};
		79FBBB7A1C0712E4009FA8E9 /* Frameworks */ = {
			isa = PBXFrameworksBuildPhase;
			buildActionMask = 2147483647;
			files = (
			);
			runOnlyForDeploymentPostprocessing = 0;
		};
/* End PBXFrameworksBuildPhase section */

/* Begin PBXGroup section */
		3B5ED0B41C11F56D00777104 /* views */ = {
			isa = PBXGroup;
			children = (
				3B5ED0B51C11F5AB00777104 /* BaseView.swift */,
				3B5ED0B71C11F5CD00777104 /* AnswerItemView.swift */,
				3B5ED0B91C11F5DB00777104 /* ArticleItemView.swift */,
				3B5ED0BB1C11F5E800777104 /* ArticleView.swift */,
				3B5ED0BD1C11F5FC00777104 /* FavorItemView.swift */,
				3B5ED0BF1C11F60A00777104 /* FavorView.swift */,
				3B5ED0C11C11F65400777104 /* CommentItemView.swift */,
				3B5ED0C31C11F65D00777104 /* NoticeItemView.swift */,
				3B5ED0C51C11F66D00777104 /* PostItemView.swift */,
				3B5ED0C71C11F67500777104 /* PostView.swift */,
				3B5ED0C91C11F69000777104 /* QuestionItemView.swift */,
				3B5ED0CB1C11F69F00777104 /* QuestionView.swift */,
				3B5ED0CD1C11F6AE00777104 /* SimpleCommentItemView.swift */,
				3B78B56D1C132F30009935C9 /* ArticleListView.swift */,
				3B78B56F1C132F4F009935C9 /* PostListView.swift */,
				3B78B5711C132F5F009935C9 /* QuestionListView.swift */,
			);
			path = views;
			sourceTree = "<group>";
		};
		3B5ED0CF1C11F77C00777104 /* controllers */ = {
			isa = PBXGroup;
			children = (
				3B5ED0D01C11F7DD00777104 /* ViewController.swift */,
				3B78B5611C132A70009935C9 /* MainController.swift */,
				3B78B5631C132AD5009935C9 /* ArticleSetController.swift */,
				3B78B5651C132AFA009935C9 /* PostSetController.swift */,
				3B78B5671C132B13009935C9 /* QuestionSetController.swift */,
				3B78B5691C132B33009935C9 /* UserInfoController.swift */,
				3B78B56B1C132E22009935C9 /* NavigationController.swift */,
				3B78B5731C132FA8009935C9 /* ArticleController.swift */,
				3B78B5771C132FEA009935C9 /* QuestionController.swift */,
				3B78B5791C133003009935C9 /* AnswerController.swift */,
				3B78B5751C132FC8009935C9 /* PostController.swift */,
				3B78B57B1C133065009935C9 /* ReplyController.swift */,
				3B78B57D1C1330C0009935C9 /* PostReplyController.swift */,
			);
			path = controllers;
			sourceTree = "<group>";
		};
		3F1585F8EF52547EF2EB4BDF /* Frameworks */ = {
			isa = PBXGroup;
			children = (
				59848FE712E1107EE88059A4 /* Pods.framework */,
				B9008FFD7803B60844FEC66E /* Pods_SwiftWall.framework */,
			);
			name = Frameworks;
			sourceTree = "<group>";
		};
		79FBBB531C0712E4009FA8E9 = {
			isa = PBXGroup;
			children = (
				79FBBB5E1C0712E4009FA8E9 /* SwiftWall */,
				79FBBB751C0712E4009FA8E9 /* SwiftWallTests */,
				79FBBB801C0712E4009FA8E9 /* SwiftWallUITests */,
				79FBBB5D1C0712E4009FA8E9 /* Products */,
				8DD3447883DBE72EA0A12775 /* Pods */,
				3F1585F8EF52547EF2EB4BDF /* Frameworks */,
			);
			sourceTree = "<group>";
		};
		79FBBB5D1C0712E4009FA8E9 /* Products */ = {
			isa = PBXGroup;
			children = (
				79FBBB5C1C0712E4009FA8E9 /* SwiftWall.app */,
				79FBBB721C0712E4009FA8E9 /* SwiftWallTests.xctest */,
				79FBBB7D1C0712E4009FA8E9 /* SwiftWallUITests.xctest */,
			);
			name = Products;
			sourceTree = "<group>";
		};
		79FBBB5E1C0712E4009FA8E9 /* SwiftWall */ = {
			isa = PBXGroup;
			children = (
				3B5ED0CF1C11F77C00777104 /* controllers */,
				3B5ED0B41C11F56D00777104 /* views */,
				B237DB701C118C6700728A58 /* request */,
				B237DB261C105A6700728A58 /* models */,
				79FBBB5F1C0712E4009FA8E9 /* AppDelegate.swift */,
				79FBBB681C0712E4009FA8E9 /* Assets.xcassets */,
				79FBBB6A1C0712E4009FA8E9 /* LaunchScreen.storyboard */,
				79FBBB6D1C0712E4009FA8E9 /* Info.plist */,
			);
			path = SwiftWall;
			sourceTree = "<group>";
		};
		79FBBB751C0712E4009FA8E9 /* SwiftWallTests */ = {
			isa = PBXGroup;
			children = (
				79FBBB761C0712E4009FA8E9 /* SwiftWallTests.swift */,
				79FBBB781C0712E4009FA8E9 /* Info.plist */,
			);
			path = SwiftWallTests;
			sourceTree = "<group>";
		};
		79FBBB801C0712E4009FA8E9 /* SwiftWallUITests */ = {
			isa = PBXGroup;
			children = (
				79FBBB811C0712E4009FA8E9 /* SwiftWallUITests.swift */,
				79FBBB831C0712E4009FA8E9 /* Info.plist */,
			);
			path = SwiftWallUITests;
			sourceTree = "<group>";
		};
		8DD3447883DBE72EA0A12775 /* Pods */ = {
			isa = PBXGroup;
			children = (
				46ED5F4B3379B50B91273BD8 /* Pods.debug.xcconfig */,
				12FB0C52617A11FFE988014E /* Pods.release.xcconfig */,
			);
			name = Pods;
			sourceTree = "<group>";
		};
		B237DB261C105A6700728A58 /* models */ = {
			isa = PBXGroup;
			children = (
				B237DB271C105A6700728A58 /* Article.swift */,
				3B5ED08E1C11E8B200777104 /* BaseModel.swift */,
				3B5ED0901C11E8C400777104 /* Basket.swift */,
				3B5ED0921C11E8D600777104 /* Category.swift */,
				3B5ED0941C11E8E600777104 /* Message.swift */,
				3B5ED0961C11E94400777104 /* Notice.swift */,
				3B5ED0981C11E95200777104 /* Post.swift */,
				3B5ED09A1C11E96000777104 /* PrepareData.swift */,
				3B5ED09C1C11E96D00777104 /* Question.swift */,
				3B5ED09E1C11E97B00777104 /* Answer.swift */,
				3B5ED0A01C11E98700777104 /* Reminder.swift */,
				3B5ED0A21C11E9A400777104 /* ReminderNoticeNum.swift */,
				3B5ED0A61C11E9C300777104 /* Comment.swift */,
				3B5ED0A81C11E9CC00777104 /* UserInfo.swift */,
			);
			path = models;
			sourceTree = "<group>";
		};
		B237DB701C118C6700728A58 /* request */ = {
			isa = PBXGroup;
			children = (
				B237DB711C118C6700728A58 /* apis */,
				B237DB751C118C6700728A58 /* parsers */,
				B237DB7C1C118C6700728A58 /* RequestBuilder.swift */,
				B237DB7D1C118C6700728A58 /* RequestObject.swift */,
				B237DB7E1C118C6700728A58 /* ResponseCode.swift */,
				B237DB7F1C118C6700728A58 /* ResponseError.swift */,
				B237DB801C118C6700728A58 /* ResponseObject.swift */,
				B237DB811C118C6700728A58 /* Urls.swift */,
			);
			path = request;
			sourceTree = "<group>";
		};
		B237DB711C118C6700728A58 /* apis */ = {
			isa = PBXGroup;
			children = (
				B237DB721C118C6700728A58 /* BaseAPI.swift */,
				B237DB731C118C6700728A58 /* UserAPI.swift */,
				3B5ED0AE1C11F46100777104 /* ArticleAPI.swift */,
				3B5ED0B01C11F47700777104 /* QuestionAPI.swift */,
				3B5ED0B21C11F48400777104 /* PostAPI.swift */,
			);
			path = apis;
			sourceTree = "<group>";
		};
		B237DB751C118C6700728A58 /* parsers */ = {
			isa = PBXGroup;
			children = (
				B237DB761C118C6700728A58 /* BooleanParser.swift */,
				B237DB771C118C6700728A58 /* ContentBooleanParser.swift */,
				B237DB781C118C6700728A58 /* ContentNumberParser.swift */,
				B237DB791C118C6700728A58 /* ContentStringParser.swift */,
				B237DB7A1C118C6700728A58 /* DirectlyStringParser.swift */,
				B237DB7B1C118C6700728A58 /* Parser.swift */,
				3B5ED0AA1C11EB2D00777104 /* BaseModelParser.swift */,
			);
			path = parsers;
			sourceTree = "<group>";
		};
/* End PBXGroup section */

/* Begin PBXNativeTarget section */
		79FBBB5B1C0712E4009FA8E9 /* SwiftWall */ = {
			isa = PBXNativeTarget;
			buildConfigurationList = 79FBBB861C0712E4009FA8E9 /* Build configuration list for PBXNativeTarget "SwiftWall" */;
			buildPhases = (
				CA3012FD3C95D90DC1B95BC8 /* Check Pods Manifest.lock */,
				79FBBB581C0712E4009FA8E9 /* Sources */,
				79FBBB591C0712E4009FA8E9 /* Frameworks */,
				79FBBB5A1C0712E4009FA8E9 /* Resources */,
				8EEB6B47170A6264FB56D146 /* Embed Pods Frameworks */,
				0E0C1666A08AEB7470D2B070 /* Copy Pods Resources */,
			);
			buildRules = (
			);
			dependencies = (
			);
			name = SwiftWall;
			productName = SwiftWall;
			productReference = 79FBBB5C1C0712E4009FA8E9 /* SwiftWall.app */;
			productType = "com.apple.product-type.application";
		};
		79FBBB711C0712E4009FA8E9 /* SwiftWallTests */ = {
			isa = PBXNativeTarget;
			buildConfigurationList = 79FBBB891C0712E4009FA8E9 /* Build configuration list for PBXNativeTarget "SwiftWallTests" */;
			buildPhases = (
				79FBBB6E1C0712E4009FA8E9 /* Sources */,
				79FBBB6F1C0712E4009FA8E9 /* Frameworks */,
				79FBBB701C0712E4009FA8E9 /* Resources */,
			);
			buildRules = (
			);
			dependencies = (
				79FBBB741C0712E4009FA8E9 /* PBXTargetDependency */,
			);
			name = SwiftWallTests;
			productName = SwiftWallTests;
			productReference = 79FBBB721C0712E4009FA8E9 /* SwiftWallTests.xctest */;
			productType = "com.apple.product-type.bundle.unit-test";
		};
		79FBBB7C1C0712E4009FA8E9 /* SwiftWallUITests */ = {
			isa = PBXNativeTarget;
			buildConfigurationList = 79FBBB8C1C0712E4009FA8E9 /* Build configuration list for PBXNativeTarget "SwiftWallUITests" */;
			buildPhases = (
				79FBBB791C0712E4009FA8E9 /* Sources */,
				79FBBB7A1C0712E4009FA8E9 /* Frameworks */,
				79FBBB7B1C0712E4009FA8E9 /* Resources */,
			);
			buildRules = (
			);
			dependencies = (
				79FBBB7F1C0712E4009FA8E9 /* PBXTargetDependency */,
			);
			name = SwiftWallUITests;
			productName = SwiftWallUITests;
			productReference = 79FBBB7D1C0712E4009FA8E9 /* SwiftWallUITests.xctest */;
			productType = "com.apple.product-type.bundle.ui-testing";
		};
/* End PBXNativeTarget section */

/* Begin PBXProject section */
		79FBBB541C0712E4009FA8E9 /* Project object */ = {
			isa = PBXProject;
			attributes = {
				LastSwiftUpdateCheck = 0710;
				LastUpgradeCheck = 0710;
				ORGANIZATIONNAME = NashLegend;
				TargetAttributes = {
					79FBBB5B1C0712E4009FA8E9 = {
						CreatedOnToolsVersion = 7.1.1;
						DevelopmentTeam = Y668GBVWS9;
					};
					79FBBB711C0712E4009FA8E9 = {
						CreatedOnToolsVersion = 7.1.1;
						DevelopmentTeam = Y668GBVWS9;
						TestTargetID = 79FBBB5B1C0712E4009FA8E9;
					};
					79FBBB7C1C0712E4009FA8E9 = {
						CreatedOnToolsVersion = 7.1.1;
						DevelopmentTeam = Y668GBVWS9;
						TestTargetID = 79FBBB5B1C0712E4009FA8E9;
					};
				};
			};
			buildConfigurationList = 79FBBB571C0712E4009FA8E9 /* Build configuration list for PBXProject "SwiftWall" */;
			compatibilityVersion = "Xcode 3.2";
			developmentRegion = English;
			hasScannedForEncodings = 0;
			knownRegions = (
				en,
				Base,
			);
			mainGroup = 79FBBB531C0712E4009FA8E9;
			productRefGroup = 79FBBB5D1C0712E4009FA8E9 /* Products */;
			projectDirPath = "";
			projectRoot = "";
			targets = (
				79FBBB5B1C0712E4009FA8E9 /* SwiftWall */,
				79FBBB711C0712E4009FA8E9 /* SwiftWallTests */,
				79FBBB7C1C0712E4009FA8E9 /* SwiftWallUITests */,
			);
		};
/* End PBXProject section */

/* Begin PBXResourcesBuildPhase section */
		79FBBB5A1C0712E4009FA8E9 /* Resources */ = {
			isa = PBXResourcesBuildPhase;
			buildActionMask = 2147483647;
			files = (
				79FBBB6C1C0712E4009FA8E9 /* LaunchScreen.storyboard in Resources */,
				79FBBB691C0712E4009FA8E9 /* Assets.xcassets in Resources */,
			);
			runOnlyForDeploymentPostprocessing = 0;
		};
		79FBBB701C0712E4009FA8E9 /* Resources */ = {
			isa = PBXResourcesBuildPhase;
			buildActionMask = 2147483647;
			files = (
			);
			runOnlyForDeploymentPostprocessing = 0;
		};
		79FBBB7B1C0712E4009FA8E9 /* Resources */ = {
			isa = PBXResourcesBuildPhase;
			buildActionMask = 2147483647;
			files = (
			);
			runOnlyForDeploymentPostprocessing = 0;
		};
/* End PBXResourcesBuildPhase section */

/* Begin PBXShellScriptBuildPhase section */
		0E0C1666A08AEB7470D2B070 /* Copy Pods Resources */ = {
			isa = PBXShellScriptBuildPhase;
			buildActionMask = 2147483647;
			files = (
			);
			inputPaths = (
			);
			name = "Copy Pods Resources";
			outputPaths = (
			);
			runOnlyForDeploymentPostprocessing = 0;
			shellPath = /bin/sh;
			shellScript = "\"${SRCROOT}/Pods/Target Support Files/Pods-SwiftWall/Pods-SwiftWall-resources.sh\"\n";
			showEnvVarsInLog = 0;
		};
		8EEB6B47170A6264FB56D146 /* Embed Pods Frameworks */ = {
			isa = PBXShellScriptBuildPhase;
			buildActionMask = 2147483647;
			files = (
			);
			inputPaths = (
			);
			name = "Embed Pods Frameworks";
			outputPaths = (
			);
			runOnlyForDeploymentPostprocessing = 0;
			shellPath = /bin/sh;
			shellScript = "\"${SRCROOT}/Pods/Target Support Files/Pods-SwiftWall/Pods-SwiftWall-frameworks.sh\"\n";
			showEnvVarsInLog = 0;
		};
		CA3012FD3C95D90DC1B95BC8 /* Check Pods Manifest.lock */ = {
			isa = PBXShellScriptBuildPhase;
			buildActionMask = 2147483647;
			files = (
			);
			inputPaths = (
			);
			name = "Check Pods Manifest.lock";
			outputPaths = (
			);
			runOnlyForDeploymentPostprocessing = 0;
			shellPath = /bin/sh;
			shellScript = "diff \"${PODS_ROOT}/../Podfile.lock\" \"${PODS_ROOT}/Manifest.lock\" > /dev/null\nif [[ $? != 0 ]] ; then\n    cat << EOM\nerror: The sandbox is not in sync with the Podfile.lock. Run 'pod install' or update your CocoaPods installation.\nEOM\n    exit 1\nfi\n";
			showEnvVarsInLog = 0;
		};
/* End PBXShellScriptBuildPhase section */

/* Begin PBXSourcesBuildPhase section */
		79FBBB581C0712E4009FA8E9 /* Sources */ = {
			isa = PBXSourcesBuildPhase;
			buildActionMask = 2147483647;
			files = (
				3B5ED0D11C11F7DD00777104 /* ViewController.swift in Sources */,
				3B78B56E1C132F30009935C9 /* ArticleListView.swift in Sources */,
				3B78B5641C132AD5009935C9 /* ArticleSetController.swift in Sources */,
				B237DB861C118C6700728A58 /* ContentBooleanParser.swift in Sources */,
				B237DB891C118C6700728A58 /* DirectlyStringParser.swift in Sources */,
				B237DB821C118C6700728A58 /* BaseAPI.swift in Sources */,
				3B5ED09F1C11E97B00777104 /* Answer.swift in Sources */,
				B237DB8E1C118C6700728A58 /* ResponseError.swift in Sources */,
				3B5ED0AB1C11EB2D00777104 /* BaseModelParser.swift in Sources */,
				B237DB901C118C6700728A58 /* Urls.swift in Sources */,
				B237DB8A1C118C6700728A58 /* Parser.swift in Sources */,
				79FBBB601C0712E4009FA8E9 /* AppDelegate.swift in Sources */,
				3B5ED0B11C11F47700777104 /* QuestionAPI.swift in Sources */,
				3B78B56C1C132E22009935C9 /* NavigationController.swift in Sources */,
				B237DB8F1C118C6700728A58 /* ResponseObject.swift in Sources */,
				3B5ED0C01C11F60A00777104 /* FavorView.swift in Sources */,
				3B5ED0C81C11F67500777104 /* PostView.swift in Sources */,
				3B5ED0B61C11F5AB00777104 /* BaseView.swift in Sources */,
				3B5ED0CC1C11F69F00777104 /* QuestionView.swift in Sources */,
				3B78B5681C132B13009935C9 /* QuestionSetController.swift in Sources */,
				3B5ED0C61C11F66D00777104 /* PostItemView.swift in Sources */,
				3B5ED09B1C11E96000777104 /* PrepareData.swift in Sources */,
				3B5ED0991C11E95200777104 /* Post.swift in Sources */,
				3B78B57C1C133065009935C9 /* ReplyController.swift in Sources */,
				3B5ED0AF1C11F46100777104 /* ArticleAPI.swift in Sources */,
				3B78B56A1C132B33009935C9 /* UserInfoController.swift in Sources */,
				3B5ED0BA1C11F5DB00777104 /* ArticleItemView.swift in Sources */,
				3B5ED0971C11E94400777104 /* Notice.swift in Sources */,
				3B78B5761C132FC8009935C9 /* PostController.swift in Sources */,
				3B5ED0911C11E8C400777104 /* Basket.swift in Sources */,
				B237DB851C118C6700728A58 /* BooleanParser.swift in Sources */,
				B237DB8D1C118C6700728A58 /* ResponseCode.swift in Sources */,
				3B5ED0CA1C11F69000777104 /* QuestionItemView.swift in Sources */,
				3B5ED0B31C11F48400777104 /* PostAPI.swift in Sources */,
				3B78B57A1C133003009935C9 /* AnswerController.swift in Sources */,
				3B5ED0A71C11E9C300777104 /* Comment.swift in Sources */,
				3B78B5781C132FEB009935C9 /* QuestionController.swift in Sources */,
				3B78B5701C132F4F009935C9 /* PostListView.swift in Sources */,
				3B5ED0A31C11E9A400777104 /* ReminderNoticeNum.swift in Sources */,
				B237DB8B1C118C6700728A58 /* RequestBuilder.swift in Sources */,
				B237DB8C1C118C6700728A58 /* RequestObject.swift in Sources */,
				3B5ED0C41C11F65D00777104 /* NoticeItemView.swift in Sources */,
				3B5ED0BC1C11F5E800777104 /* ArticleView.swift in Sources */,
				B237DB871C118C6700728A58 /* ContentNumberParser.swift in Sources */,
				3B5ED0B81C11F5CD00777104 /* AnswerItemView.swift in Sources */,
				3B78B5621C132A70009935C9 /* MainController.swift in Sources */,
				3B5ED08F1C11E8B200777104 /* BaseModel.swift in Sources */,
				3B5ED0951C11E8E600777104 /* Message.swift in Sources */,
				3B5ED09D1C11E96D00777104 /* Question.swift in Sources */,
				3B78B5661C132AFA009935C9 /* PostSetController.swift in Sources */,
				3B5ED0C21C11F65400777104 /* CommentItemView.swift in Sources */,
				3B5ED0BE1C11F5FC00777104 /* FavorItemView.swift in Sources */,
				B237DB281C105A6700728A58 /* Article.swift in Sources */,
				3B78B5741C132FA8009935C9 /* ArticleController.swift in Sources */,
				B237DB881C118C6700728A58 /* ContentStringParser.swift in Sources */,
				B237DB831C118C6700728A58 /* UserAPI.swift in Sources */,
				3B78B57E1C1330C0009935C9 /* PostReplyController.swift in Sources */,
				3B5ED0A11C11E98700777104 /* Reminder.swift in Sources */,
				3B5ED0CE1C11F6AE00777104 /* SimpleCommentItemView.swift in Sources */,
				3B5ED0A91C11E9CC00777104 /* UserInfo.swift in Sources */,
				3B78B5721C132F5F009935C9 /* QuestionListView.swift in Sources */,
				3B5ED0931C11E8D600777104 /* Category.swift in Sources */,
			);
			runOnlyForDeploymentPostprocessing = 0;
		};
		79FBBB6E1C0712E4009FA8E9 /* Sources */ = {
			isa = PBXSourcesBuildPhase;
			buildActionMask = 2147483647;
			files = (
				79FBBB771C0712E4009FA8E9 /* SwiftWallTests.swift in Sources */,
			);
			runOnlyForDeploymentPostprocessing = 0;
		};
		79FBBB791C0712E4009FA8E9 /* Sources */ = {
			isa = PBXSourcesBuildPhase;
			buildActionMask = 2147483647;
			files = (
				79FBBB821C0712E4009FA8E9 /* SwiftWallUITests.swift in Sources */,
			);
			runOnlyForDeploymentPostprocessing = 0;
		};
/* End PBXSourcesBuildPhase section */

/* Begin PBXTargetDependency section */
		79FBBB741C0712E4009FA8E9 /* PBXTargetDependency */ = {
			isa = PBXTargetDependency;
			target = 79FBBB5B1C0712E4009FA8E9 /* SwiftWall */;
			targetProxy = 79FBBB731C0712E4009FA8E9 /* PBXContainerItemProxy */;
		};
		79FBBB7F1C0712E4009FA8E9 /* PBXTargetDependency */ = {
			isa = PBXTargetDependency;
			target = 79FBBB5B1C0712E4009FA8E9 /* SwiftWall */;
			targetProxy = 79FBBB7E1C0712E4009FA8E9 /* PBXContainerItemProxy */;
		};
/* End PBXTargetDependency section */

/* Begin PBXVariantGroup section */
		79FBBB6A1C0712E4009FA8E9 /* LaunchScreen.storyboard */ = {
			isa = PBXVariantGroup;
			children = (
				79FBBB6B1C0712E4009FA8E9 /* Base */,
			);
			name = LaunchScreen.storyboard;
			sourceTree = "<group>";
		};
/* End PBXVariantGroup section */

/* Begin XCBuildConfiguration section */
		79FBBB841C0712E4009FA8E9 /* Debug */ = {
			isa = XCBuildConfiguration;
			buildSettings = {
				ALWAYS_SEARCH_USER_PATHS = NO;
				CLANG_CXX_LANGUAGE_STANDARD = "gnu++0x";
				CLANG_CXX_LIBRARY = "libc++";
				CLANG_ENABLE_MODULES = YES;
				CLANG_ENABLE_OBJC_ARC = YES;
				CLANG_WARN_BOOL_CONVERSION = YES;
				CLANG_WARN_CONSTANT_CONVERSION = YES;
				CLANG_WARN_DIRECT_OBJC_ISA_USAGE = YES_ERROR;
				CLANG_WARN_EMPTY_BODY = YES;
				CLANG_WARN_ENUM_CONVERSION = YES;
				CLANG_WARN_INT_CONVERSION = YES;
				CLANG_WARN_OBJC_ROOT_CLASS = YES_ERROR;
				CLANG_WARN_UNREACHABLE_CODE = YES;
				CLANG_WARN__DUPLICATE_METHOD_MATCH = YES;
				"CODE_SIGN_IDENTITY[sdk=iphoneos*]" = "iPhone Developer";
				COPY_PHASE_STRIP = NO;
				DEBUG_INFORMATION_FORMAT = dwarf;
				ENABLE_STRICT_OBJC_MSGSEND = YES;
				ENABLE_TESTABILITY = YES;
				GCC_C_LANGUAGE_STANDARD = gnu99;
				GCC_DYNAMIC_NO_PIC = NO;
				GCC_NO_COMMON_BLOCKS = YES;
				GCC_OPTIMIZATION_LEVEL = 0;
				GCC_PREPROCESSOR_DEFINITIONS = (
					"DEBUG=1",
					"$(inherited)",
				);
				GCC_WARN_64_TO_32_BIT_CONVERSION = YES;
				GCC_WARN_ABOUT_RETURN_TYPE = YES_ERROR;
				GCC_WARN_UNDECLARED_SELECTOR = YES;
				GCC_WARN_UNINITIALIZED_AUTOS = YES_AGGRESSIVE;
				GCC_WARN_UNUSED_FUNCTION = YES;
				GCC_WARN_UNUSED_VARIABLE = YES;
				IPHONEOS_DEPLOYMENT_TARGET = 9.1;
				MTL_ENABLE_DEBUG_INFO = YES;
				ONLY_ACTIVE_ARCH = YES;
				SDKROOT = iphoneos;
				SWIFT_OPTIMIZATION_LEVEL = "-Onone";
			};
			name = Debug;
		};
		79FBBB851C0712E4009FA8E9 /* Release */ = {
			isa = XCBuildConfiguration;
			buildSettings = {
				ALWAYS_SEARCH_USER_PATHS = NO;
				CLANG_CXX_LANGUAGE_STANDARD = "gnu++0x";
				CLANG_CXX_LIBRARY = "libc++";
				CLANG_ENABLE_MODULES = YES;
				CLANG_ENABLE_OBJC_ARC = YES;
				CLANG_WARN_BOOL_CONVERSION = YES;
				CLANG_WARN_CONSTANT_CONVERSION = YES;
				CLANG_WARN_DIRECT_OBJC_ISA_USAGE = YES_ERROR;
				CLANG_WARN_EMPTY_BODY = YES;
				CLANG_WARN_ENUM_CONVERSION = YES;
				CLANG_WARN_INT_CONVERSION = YES;
				CLANG_WARN_OBJC_ROOT_CLASS = YES_ERROR;
				CLANG_WARN_UNREACHABLE_CODE = YES;
				CLANG_WARN__DUPLICATE_METHOD_MATCH = YES;
				"CODE_SIGN_IDENTITY[sdk=iphoneos*]" = "iPhone Developer";
				COPY_PHASE_STRIP = NO;
				DEBUG_INFORMATION_FORMAT = "dwarf-with-dsym";
				ENABLE_NS_ASSERTIONS = NO;
				ENABLE_STRICT_OBJC_MSGSEND = YES;
				GCC_C_LANGUAGE_STANDARD = gnu99;
				GCC_NO_COMMON_BLOCKS = YES;
				GCC_WARN_64_TO_32_BIT_CONVERSION = YES;
				GCC_WARN_ABOUT_RETURN_TYPE = YES_ERROR;
				GCC_WARN_UNDECLARED_SELECTOR = YES;
				GCC_WARN_UNINITIALIZED_AUTOS = YES_AGGRESSIVE;
				GCC_WARN_UNUSED_FUNCTION = YES;
				GCC_WARN_UNUSED_VARIABLE = YES;
				IPHONEOS_DEPLOYMENT_TARGET = 9.1;
				MTL_ENABLE_DEBUG_INFO = NO;
				SDKROOT = iphoneos;
				VALIDATE_PRODUCT = YES;
			};
			name = Release;
		};
		79FBBB871C0712E4009FA8E9 /* Debug */ = {
			isa = XCBuildConfiguration;
			baseConfigurationReference = 46ED5F4B3379B50B91273BD8 /* Pods.debug.xcconfig */;
			buildSettings = {
				ASSETCATALOG_COMPILER_APPICON_NAME = AppIcon;
				INFOPLIST_FILE = SwiftWall/Info.plist;
				IPHONEOS_DEPLOYMENT_TARGET = 8.0;
				LD_RUNPATH_SEARCH_PATHS = "$(inherited) @executable_path/Frameworks";
				PRODUCT_BUNDLE_IDENTIFIER = net.nashlegend.ios.SwiftWall;
				PRODUCT_NAME = "$(TARGET_NAME)";
			};
			name = Debug;
		};
		79FBBB881C0712E4009FA8E9 /* Release */ = {
			isa = XCBuildConfiguration;
			baseConfigurationReference = 12FB0C52617A11FFE988014E /* Pods.release.xcconfig */;
			buildSettings = {
				ASSETCATALOG_COMPILER_APPICON_NAME = AppIcon;
				INFOPLIST_FILE = SwiftWall/Info.plist;
				IPHONEOS_DEPLOYMENT_TARGET = 8.0;
				LD_RUNPATH_SEARCH_PATHS = "$(inherited) @executable_path/Frameworks";
				PRODUCT_BUNDLE_IDENTIFIER = net.nashlegend.ios.SwiftWall;
				PRODUCT_NAME = "$(TARGET_NAME)";
			};
			name = Release;
		};
		79FBBB8A1C0712E4009FA8E9 /* Debug */ = {
			isa = XCBuildConfiguration;
			buildSettings = {
				BUNDLE_LOADER = "$(TEST_HOST)";
				INFOPLIST_FILE = SwiftWallTests/Info.plist;
				LD_RUNPATH_SEARCH_PATHS = "$(inherited) @executable_path/Frameworks @loader_path/Frameworks";
				PRODUCT_BUNDLE_IDENTIFIER = net.nashlegend.ios.SwiftWallTests;
				PRODUCT_NAME = "$(TARGET_NAME)";
				TEST_HOST = "$(BUILT_PRODUCTS_DIR)/SwiftWall.app/SwiftWall";
			};
			name = Debug;
		};
		79FBBB8B1C0712E4009FA8E9 /* Release */ = {
			isa = XCBuildConfiguration;
			buildSettings = {
				BUNDLE_LOADER = "$(TEST_HOST)";
				INFOPLIST_FILE = SwiftWallTests/Info.plist;
				LD_RUNPATH_SEARCH_PATHS = "$(inherited) @executable_path/Frameworks @loader_path/Frameworks";
				PRODUCT_BUNDLE_IDENTIFIER = net.nashlegend.ios.SwiftWallTests;
				PRODUCT_NAME = "$(TARGET_NAME)";
				TEST_HOST = "$(BUILT_PRODUCTS_DIR)/SwiftWall.app/SwiftWall";
			};
			name = Release;
		};
		79FBBB8D1C0712E4009FA8E9 /* Debug */ = {
			isa = XCBuildConfiguration;
			buildSettings = {
				INFOPLIST_FILE = SwiftWallUITests/Info.plist;
				LD_RUNPATH_SEARCH_PATHS = "$(inherited) @executable_path/Frameworks @loader_path/Frameworks";
				PRODUCT_BUNDLE_IDENTIFIER = net.nashlegend.ios.SwiftWallUITests;
				PRODUCT_NAME = "$(TARGET_NAME)";
				TEST_TARGET_NAME = SwiftWall;
				USES_XCTRUNNER = YES;
			};
			name = Debug;
		};
		79FBBB8E1C0712E4009FA8E9 /* Release */ = {
			isa = XCBuildConfiguration;
			buildSettings = {
				INFOPLIST_FILE = SwiftWallUITests/Info.plist;
				LD_RUNPATH_SEARCH_PATHS = "$(inherited) @executable_path/Frameworks @loader_path/Frameworks";
				PRODUCT_BUNDLE_IDENTIFIER = net.nashlegend.ios.SwiftWallUITests;
				PRODUCT_NAME = "$(TARGET_NAME)";
				TEST_TARGET_NAME = SwiftWall;
				USES_XCTRUNNER = YES;
			};
			name = Release;
		};
/* End XCBuildConfiguration section */

/* Begin XCConfigurationList section */
		79FBBB571C0712E4009FA8E9 /* Build configuration list for PBXProject "SwiftWall" */ = {
			isa = XCConfigurationList;
			buildConfigurations = (
				79FBBB841C0712E4009FA8E9 /* Debug */,
				79FBBB851C0712E4009FA8E9 /* Release */,
			);
			defaultConfigurationIsVisible = 0;
			defaultConfigurationName = Release;
		};
		79FBBB861C0712E4009FA8E9 /* Build configuration list for PBXNativeTarget "SwiftWall" */ = {
			isa = XCConfigurationList;
			buildConfigurations = (
				79FBBB871C0712E4009FA8E9 /* Debug */,
				79FBBB881C0712E4009FA8E9 /* Release */,
			);
			defaultConfigurationIsVisible = 0;
			defaultConfigurationName = Release;
		};
		79FBBB891C0712E4009FA8E9 /* Build configuration list for PBXNativeTarget "SwiftWallTests" */ = {
			isa = XCConfigurationList;
			buildConfigurations = (
				79FBBB8A1C0712E4009FA8E9 /* Debug */,
				79FBBB8B1C0712E4009FA8E9 /* Release */,
			);
			defaultConfigurationIsVisible = 0;
			defaultConfigurationName = Release;
		};
		79FBBB8C1C0712E4009FA8E9 /* Build configuration list for PBXNativeTarget "SwiftWallUITests" */ = {
			isa = XCConfigurationList;
			buildConfigurations = (
				79FBBB8D1C0712E4009FA8E9 /* Debug */,
				79FBBB8E1C0712E4009FA8E9 /* Release */,
			);
			defaultConfigurationIsVisible = 0;
			defaultConfigurationName = Release;
		};
/* End XCConfigurationList section */
	};
	rootObject = 79FBBB541C0712E4009FA8E9 /* Project object */;
}
